{
  "name": "Yu-Giter-BattleRoyalMC-V.1.0",
  "lockfileVersion": 3,
  "requires": true,
  "packages": {
    "": {
      "dependencies": {
        "@types/mojang-gametest": "^0.1.10",
        "@types/mojang-minecraft": "^0.1.11"
      }
    },
    "node_modules/@types/mojang-gametest": {
      "version": "0.1.10",
      "resolved": "https://registry.npmjs.org/@types/mojang-gametest/-/mojang-gametest-0.1.10.tgz",
      "integrity": "sha512-yv040xKN2+Xz0+W6dZ08KPoHIcUXergBh0t1U5+Tbuc3e0zN+fwmlKqUVD/ODcCFOCkxD5Neu/UrT6lAOhsEFg==",
      "dependencies": {
        "@types/mojang-minecraft": "*"
      }
    },
    "node_modules/@types/mojang-minecraft": {
      "version": "0.1.11",
      "resolved": "https://registry.npmjs.org/@types/mojang-minecraft/-/mojang-minecraft-0.1.11.tgz",
      "integrity": "sha512-SlTQ5tCo1zt2qqoh4ROW3wMasoRwf1uu1PtMkoU3FsNnE9mNPQ4nESkSFhh+QLLOQFD984o4CGcBeAwJsV8LpA=="
    }
  }
}
